
Microsoft Visual Studio Solution File, Format Version 12.00
# Visual Studio Version 16
VisualStudioVersion = 16.0.30907.101
MinimumVisualStudioVersion = 10.0.40219.1
Project("{FAE04EC0-301F-11D3-BF4B-00C04F79EFBC}") = "IngresarNumeros", "IngresarNumeros\IngresarNumeros.csproj", "{3FD04511-773C-43DF-BFB0-32AD69FDE80E}"
EndProject
Global
	GlobalSection(SolutionConfigurationPlatforms) = preSolution
		Debug|Any CPU = Debug|Any CPU
		Release|Any CPU = Release|Any CPU
	EndGlobalSection
	GlobalSection(ProjectConfigurationPlatforms) = postSolution
		{3FD04511-773C-43DF-BFB0-32AD69FDE80E}.Debug|Any CPU.ActiveCfg = Debug|Any CPU
		{3FD04511-773C-43DF-BFB0-32AD69FDE80E}.Debug|Any CPU.Build.0 = Debug|Any CPU
		{3FD04511-773C-43DF-BFB0-32AD69FDE80E}.Release|Any CPU.ActiveCfg = Release|Any CPU
		{3FD04511-773C-43DF-BFB0-32AD69FDE80E}.Release|Any CPU.Build.0 = Release|Any CPU
	EndGlobalSection
	GlobalSection(SolutionProperties) = preSolution
		HideSolutionNode = FALSE
	EndGlobalSection
	GlobalSection(ExtensibilityGlobals) = postSolution
		SolutionGuid = {7981BBF7-8E0A-492D-A324-B7A849EEC001}
	EndGlobalSection
EndGlobal
